
Microsoft Visual Studio Solution File, Format Version 12.00
# Visual Studio 15
VisualStudioVersion = 15.0.28307.1705
MinimumVisualStudioVersion = 10.0.40219.1
Project("{8BC9CEB8-8B4A-11D0-8D11-00A0C91BC942}") = "HW", "HW\HW.vcxproj", "{CE8F58AA-5F96-4B86-8DBF-748AE00B5488}"
EndProject
Global
	GlobalSection(SolutionConfigurationPlatforms) = preSolution
		Debug|x64 = Debug|x64
		Debug|x86 = Debug|x86
		Release|x64 = Release|x64
		Release|x86 = Release|x86
	EndGlobalSection
	GlobalSection(ProjectConfigurationPlatforms) = postSolution
		{CE8F58AA-5F96-4B86-8DBF-748AE00B5488}.Debug|x64.ActiveCfg = Debug|x64
		{CE8F58AA-5F96-4B86-8DBF-748AE00B5488}.Debug|x64.Build.0 = Debug|x64
		{CE8F58AA-5F96-4B86-8DBF-748AE00B5488}.Debug|x86.ActiveCfg = Debug|Win32
		{CE8F58AA-5F96-4B86-8DBF-748AE00B5488}.Debug|x86.Build.0 = Debug|Win32
		{CE8F58AA-5F96-4B86-8DBF-748AE00B5488}.Release|x64.ActiveCfg = Release|x64
		{CE8F58AA-5F96-4B86-8DBF-748AE00B5488}.Release|x64.Build.0 = Release|x64
		{CE8F58AA-5F96-4B86-8DBF-748AE00B5488}.Release|x86.ActiveCfg = Release|Win32
		{CE8F58AA-5F96-4B86-8DBF-748AE00B5488}.Release|x86.Build.0 = Release|Win32
	EndGlobalSection
	GlobalSection(SolutionProperties) = preSolution
		HideSolutionNode = FALSE
	EndGlobalSection
	GlobalSection(ExtensibilityGlobals) = postSolution
		SolutionGuid = {A5485D6E-9813-4820-9221-1D56F2B2D993}
	EndGlobalSection
EndGlobal
